
Microsoft Visual Studio Solution File, Format Version 12.00
# Visual Studio Version 17
VisualStudioVersion = 17.3.32819.101
MinimumVisualStudioVersion = 10.0.40219.1
Project("{FAE04EC0-301F-11D3-BF4B-00C04F79EFBC}") = "06. Media Ponderada", "06. Media Ponderada\06. Media Ponderada.csproj", "{C2584732-B4C5-4927-8713-934028293EA5}"
EndProject
Global
	GlobalSection(SolutionConfigurationPlatforms) = preSolution
		Debug|Any CPU = Debug|Any CPU
		Release|Any CPU = Release|Any CPU
	EndGlobalSection
	GlobalSection(ProjectConfigurationPlatforms) = postSolution
		{C2584732-B4C5-4927-8713-934028293EA5}.Debug|Any CPU.ActiveCfg = Debug|Any CPU
		{C2584732-B4C5-4927-8713-934028293EA5}.Debug|Any CPU.Build.0 = Debug|Any CPU
		{C2584732-B4C5-4927-8713-934028293EA5}.Release|Any CPU.ActiveCfg = Release|Any CPU
		{C2584732-B4C5-4927-8713-934028293EA5}.Release|Any CPU.Build.0 = Release|Any CPU
	EndGlobalSection
	GlobalSection(SolutionProperties) = preSolution
		HideSolutionNode = FALSE
	EndGlobalSection
	GlobalSection(ExtensibilityGlobals) = postSolution
		SolutionGuid = {C5B35819-70BB-4AC8-AEE1-556BA508CDC9}
	EndGlobalSection
EndGlobal
