
Microsoft Visual Studio Solution File, Format Version 12.00
# Visual Studio Version 17
VisualStudioVersion = 17.3.32819.101
MinimumVisualStudioVersion = 10.0.40219.1
Project("{FAE04EC0-301F-11D3-BF4B-00C04F79EFBC}") = "07. Tabuada", "07. Tabuada\07. Tabuada.csproj", "{EA758D4C-74B1-42BA-BFD0-AFD925C7DA62}"
EndProject
Global
	GlobalSection(SolutionConfigurationPlatforms) = preSolution
		Debug|Any CPU = Debug|Any CPU
		Release|Any CPU = Release|Any CPU
	EndGlobalSection
	GlobalSection(ProjectConfigurationPlatforms) = postSolution
		{EA758D4C-74B1-42BA-BFD0-AFD925C7DA62}.Debug|Any CPU.ActiveCfg = Debug|Any CPU
		{EA758D4C-74B1-42BA-BFD0-AFD925C7DA62}.Debug|Any CPU.Build.0 = Debug|Any CPU
		{EA758D4C-74B1-42BA-BFD0-AFD925C7DA62}.Release|Any CPU.ActiveCfg = Release|Any CPU
		{EA758D4C-74B1-42BA-BFD0-AFD925C7DA62}.Release|Any CPU.Build.0 = Release|Any CPU
	EndGlobalSection
	GlobalSection(SolutionProperties) = preSolution
		HideSolutionNode = FALSE
	EndGlobalSection
	GlobalSection(ExtensibilityGlobals) = postSolution
		SolutionGuid = {073B362A-AACB-406A-933E-E9AF6E31E01C}
	EndGlobalSection
EndGlobal
